// !$*UTF8*$!
{
	archiveVersion = 1;
	classes = {
	};
	objectVersion = 48;
	objects = {

/* Begin PBXBuildFile section */
		74CD6CC72071F6EA00DD9035 /* AppDelegate.swift in Sources */ = {isa = PBXBuildFile; fileRef = 74CD6CC62071F6EA00DD9035 /* AppDelegate.swift */; };
		74CD6CC92071F6EA00DD9035 /* ViewController.swift in Sources */ = {isa = PBXBuildFile; fileRef = 74CD6CC82071F6EA00DD9035 /* ViewController.swift */; };
		74CD6CCC2071F6EA00DD9035 /* Main.storyboard in Resources */ = {isa = PBXBuildFile; fileRef = 74CD6CCA2071F6EA00DD9035 /* Main.storyboard */; };
		74CD6CCE2071F6EA00DD9035 /* Assets.xcassets in Resources */ = {isa = PBXBuildFile; fileRef = 74CD6CCD2071F6EA00DD9035 /* Assets.xcassets */; };
		74CD6CD12071F6EA00DD9035 /* LaunchScreen.storyboard in Resources */ = {isa = PBXBuildFile; fileRef = 74CD6CCF2071F6EA00DD9035 /* LaunchScreen.storyboard */; };
/* End PBXBuildFile section */

/* Begin PBXFileReference section */
		74CD6CC32071F6EA00DD9035 /* AlienImageView.app */ = {isa = PBXFileReference; explicitFileType = wrapper.application; includeInIndex = 0; path = AlienImageView.app; sourceTree = BUILT_PRODUCTS_DIR; };
		74CD6CC62071F6EA00DD9035 /* AppDelegate.swift */ = {isa = PBXFileReference; lastKnownFileType = sourcecode.swift; path = AppDelegate.swift; sourceTree = "<group>"; };
		74CD6CC82071F6EA00DD9035 /* ViewController.swift */ = {isa = PBXFileReference; lastKnownFileType = sourcecode.swift; path = ViewController.swift; sourceTree = "<group>"; };
		74CD6CCB2071F6EA00DD9035 /* Base */ = {isa = PBXFileReference; lastKnownFileType = file.storyboard; name = Base; path = Base.lproj/Main.storyboard; sourceTree = "<group>"; };
		74CD6CCD2071F6EA00DD9035 /* Assets.xcassets */ = {isa = PBXFileReference; lastKnownFileType = folder.assetcatalog; path = Assets.xcassets; sourceTree = "<group>"; };
		74CD6CD02071F6EA00DD9035 /* Base */ = {isa = PBXFileReference; lastKnownFileType = file.storyboard; name = Base; path = Base.lproj/LaunchScreen.storyboard; sourceTree = "<group>"; };
		74CD6CD22071F6EA00DD9035 /* Info.plist */ = {isa = PBXFileReference; lastKnownFileType = text.plist.xml; path = Info.plist; sourceTree = "<group>"; };
/* End PBXFileReference section */

/* Begin PBXFrameworksBuildPhase section */
		74CD6CC02071F6EA00DD9035 /* Frameworks */ = {
			isa = PBXFrameworksBuildPhase;
			buildActionMask = 2147483647;
			files = (
			);
			runOnlyForDeploymentPostprocessing = 0;
		};
/* End PBXFrameworksBuildPhase section */

/* Begin PBXGroup section */
		74CD6CBA2071F6EA00DD9035 = {
			isa = PBXGroup;
			children = (
				74CD6CC52071F6EA00DD9035 /* AlienImageView */,
				74CD6CC42071F6EA00DD9035 /* Products */,
			);
			sourceTree = "<group>";
		};
		74CD6CC42071F6EA00DD9035 /* Products */ = {
			isa = PBXGroup;
			children = (
				74CD6CC32071F6EA00DD9035 /* AlienImageView.app */,
			);
			name = Products;
			sourceTree = "<group>";
		};
		74CD6CC52071F6EA00DD9035 /* AlienImageView */ = {
			isa = PBXGroup;
			children = (
				74CD6CC62071F6EA00DD9035 /* AppDelegate.swift */,
				74CD6CC82071F6EA00DD9035 /* ViewController.swift */,
				74CD6CCA2071F6EA00DD9035 /* Main.storyboard */,
				74CD6CCD2071F6EA00DD9035 /* Assets.xcassets */,
				74CD6CCF2071F6EA00DD9035 /* LaunchScreen.storyboard */,
				74CD6CD22071F6EA00DD9035 /* Info.plist */,
			);
			path = AlienImageView;
			sourceTree = "<group>";
		};
/* End PBXGroup section */

/* Begin PBXNativeTarget section */
		74CD6CC22071F6EA00DD9035 /* AlienImageView */ = {
			isa = PBXNativeTarget;
			buildConfigurationList = 74CD6CD52071F6EA00DD9035 /* Build configuration list for PBXNativeTarget "AlienImageView" */;
			buildPhases = (
				74CD6CBF2071F6EA00DD9035 /* Sources */,
				74CD6CC02071F6EA00DD9035 /* Frameworks */,
				74CD6CC12071F6EA00DD9035 /* Resources */,
			);
			buildRules = (
			);
			dependencies = (
			);
			name = AlienImageView;
			productName = AlienImageView;
			productReference = 74CD6CC32071F6EA00DD9035 /* AlienImageView.app */;
			productType = "com.apple.product-type.application";
		};
/* End PBXNativeTarget section */

/* Begin PBXProject section */
		74CD6CBB2071F6EA00DD9035 /* Project object */ = {
			isa = PBXProject;
			attributes = {
				LastSwiftUpdateCheck = 0920;
				LastUpgradeCheck = 0920;
				ORGANIZATIONNAME = D7703_02;
				TargetAttributes = {
					74CD6CC22071F6EA00DD9035 = {
						CreatedOnToolsVersion = 9.2;
						ProvisioningStyle = Automatic;
					};
				};
			};
			buildConfigurationList = 74CD6CBE2071F6EA00DD9035 /* Build configuration list for PBXProject "AlienImageView" */;
			compatibilityVersion = "Xcode 8.0";
			developmentRegion = en;
			hasScannedForEncodings = 0;
			knownRegions = (
				en,
				Base,
			);
			mainGroup = 74CD6CBA2071F6EA00DD9035;
			productRefGroup = 74CD6CC42071F6EA00DD9035 /* Products */;
			projectDirPath = "";
			projectRoot = "";
			targets = (
				74CD6CC22071F6EA00DD9035 /* AlienImageView */,
			);
		};
/* End PBXProject section */

/* Begin PBXResourcesBuildPhase section */
		74CD6CC12071F6EA00DD9035 /* Resources */ = {
			isa = PBXResourcesBuildPhase;
			buildActionMask = 2147483647;
			files = (
				74CD6CD12071F6EA00DD9035 /* LaunchScreen.storyboard in Resources */,
				74CD6CCE2071F6EA00DD9035 /* Assets.xcassets in Resources */,
				74CD6CCC2071F6EA00DD9035 /* Main.storyboard in Resources */,
			);
			runOnlyForDeploymentPostprocessing = 0;
		};
/* End PBXResourcesBuildPhase section */

/* Begin PBXSourcesBuildPhase section */
		74CD6CBF2071F6EA00DD9035 /* Sources */ = {
			isa = PBXSourcesBuildPhase;
			buildActionMask = 2147483647;
			files = (
				74CD6CC92071F6EA00DD9035 /* ViewController.swift in Sources */,
				74CD6CC72071F6EA00DD9035 /* AppDelegate.swift in Sources */,
			);
			runOnlyForDeploymentPostprocessing = 0;
		};
/* End PBXSourcesBuildPhase section */

/* Begin PBXVariantGroup section */
		74CD6CCA2071F6EA00DD9035 /* Main.storyboard */ = {
			isa = PBXVariantGroup;
			children = (
				74CD6CCB2071F6EA00DD9035 /* Base */,
			);
			name = Main.storyboard;
			sourceTree = "<group>";
		};
		74CD6CCF2071F6EA00DD9035 /* LaunchScreen.storyboard */ = {
			isa = PBXVariantGroup;
			children = (
				74CD6CD02071F6EA00DD9035 /* Base */,
			);
			name = LaunchScreen.storyboard;
			sourceTree = "<group>";
		};
/* End PBXVariantGroup section */

/* Begin XCBuildConfiguration section */
		74CD6CD32071F6EA00DD9035 /* Debug */ = {
			isa = XCBuildConfiguration;
			buildSettings = {
				ALWAYS_SEARCH_USER_PATHS = NO;
				CLANG_ANALYZER_NONNULL = YES;
				CLANG_ANALYZER_NUMBER_OBJECT_CONVERSION = YES_AGGRESSIVE;
				CLANG_CXX_LANGUAGE_STANDARD = "gnu++14";
				CLANG_CXX_LIBRARY = "libc++";
				CLANG_ENABLE_MODULES = YES;
				CLANG_ENABLE_OBJC_ARC = YES;
				CLANG_WARN_BLOCK_CAPTURE_AUTORELEASING = YES;
				CLANG_WARN_BOOL_CONVERSION = YES;
				CLANG_WARN_COMMA = YES;
				CLANG_WARN_CONSTANT_CONVERSION = YES;
				CLANG_WARN_DIRECT_OBJC_ISA_USAGE = YES_ERROR;
				CLANG_WARN_DOCUMENTATION_COMMENTS = YES;
				CLANG_WARN_EMPTY_BODY = YES;
				CLANG_WARN_ENUM_CONVERSION = YES;
				CLANG_WARN_INFINITE_RECURSION = YES;
				CLANG_WARN_INT_CONVERSION = YES;
				CLANG_WARN_NON_LITERAL_NULL_CONVERSION = YES;
				CLANG_WARN_OBJC_LITERAL_CONVERSION = YES;
				CLANG_WARN_OBJC_ROOT_CLASS = YES_ERROR;
				CLANG_WARN_RANGE_LOOP_ANALYSIS = YES;
				CLANG_WARN_STRICT_PROTOTYPES = YES;
				CLANG_WARN_SUSPICIOUS_MOVE = YES;
				CLANG_WARN_UNGUARDED_AVAILABILITY = YES_AGGRESSIVE;
				CLANG_WARN_UNREACHABLE_CODE = YES;
				CLANG_WARN__DUPLICATE_METHOD_MATCH = YES;
				CODE_SIGN_IDENTITY = "iPhone Developer";
				COPY_PHASE_STRIP = NO;
				DEBUG_INFORMATION_FORMAT = dwarf;
				ENABLE_STRICT_OBJC_MSGSEND = YES;
				ENABLE_TESTABILITY = YES;
				GCC_C_LANGUAGE_STANDARD = gnu11;
				GCC_DYNAMIC_NO_PIC = NO;
				GCC_NO_COMMON_BLOCKS = YES;
				GCC_OPTIMIZATION_LEVEL = 0;
				GCC_PREPROCESSOR_DEFINITIONS = (
					"DEBUG=1",
					"$(inherited)",
				);
				GCC_WARN_64_TO_32_BIT_CONVERSION = YES;
				GCC_WARN_ABOUT_RETURN_TYPE = YES_ERROR;
				GCC_WARN_UNDECLARED_SELECTOR = YES;
				GCC_WARN_UNINITIALIZED_AUTOS = YES_AGGRESSIVE;
				GCC_WARN_UNUSED_FUNCTION = YES;
				GCC_WARN_UNUSED_VARIABLE = YES;
				IPHONEOS_DEPLOYMENT_TARGET = 11.2;
				MTL_ENABLE_DEBUG_INFO = YES;
				ONLY_ACTIVE_ARCH = YES;
				SDKROOT = iphoneos;
				SWIFT_ACTIVE_COMPILATION_CONDITIONS = DEBUG;
				SWIFT_OPTIMIZATION_LEVEL = "-Onone";
			};
			name = Debug;
		};
		74CD6CD42071F6EA00DD9035 /* Release */ = {
			isa = XCBuildConfiguration;
			buildSettings = {
				ALWAYS_SEARCH_USER_PATHS = NO;
				CLANG_ANALYZER_NONNULL = YES;
				CLANG_ANALYZER_NUMBER_OBJECT_CONVERSION = YES_AGGRESSIVE;
				CLANG_CXX_LANGUAGE_STANDARD = "gnu++14";
				CLANG_CXX_LIBRARY = "libc++";
				CLANG_ENABLE_MODULES = YES;
				CLANG_ENABLE_OBJC_ARC = YES;
				CLANG_WARN_BLOCK_CAPTURE_AUTORELEASING = YES;
				CLANG_WARN_BOOL_CONVERSION = YES;
				CLANG_WARN_COMMA = YES;
				CLANG_WARN_CONSTANT_CONVERSION = YES;
				CLANG_WARN_DIRECT_OBJC_ISA_USAGE = YES_ERROR;
				CLANG_WARN_DOCUMENTATION_COMMENTS = YES;
				CLANG_WARN_EMPTY_BODY = YES;
				CLANG_WARN_ENUM_CONVERSION = YES;
				CLANG_WARN_INFINITE_RECURSION = YES;
				CLANG_WARN_INT_CONVERSION = YES;
				CLANG_WARN_NON_LITERAL_NULL_CONVERSION = YES;
				CLANG_WARN_OBJC_LITERAL_CONVERSION = YES;
				CLANG_WARN_OBJC_ROOT_CLASS = YES_ERROR;
				CLANG_WARN_RANGE_LOOP_ANALYSIS = YES;
				CLANG_WARN_STRICT_PROTOTYPES = YES;
				CLANG_WARN_SUSPICIOUS_MOVE = YES;
				CLANG_WARN_UNGUARDED_AVAILABILITY = YES_AGGRESSIVE;
				CLANG_WARN_UNREACHABLE_CODE = YES;
				CLANG_WARN__DUPLICATE_METHOD_MATCH = YES;
				CODE_SIGN_IDENTITY = "iPhone Developer";
				COPY_PHASE_STRIP = NO;
				DEBUG_INFORMATION_FORMAT = "dwarf-with-dsym";
				ENABLE_NS_ASSERTIONS = NO;
				ENABLE_STRICT_OBJC_MSGSEND = YES;
				GCC_C_LANGUAGE_STANDARD = gnu11;
				GCC_NO_COMMON_BLOCKS = YES;
				GCC_WARN_64_TO_32_BIT_CONVERSION = YES;
				GCC_WARN_ABOUT_RETURN_TYPE = YES_ERROR;
				GCC_WARN_UNDECLARED_SELECTOR = YES;
				GCC_WARN_UNINITIALIZED_AUTOS = YES_AGGRESSIVE;
				GCC_WARN_UNUSED_FUNCTION = YES;
				GCC_WARN_UNUSED_VARIABLE = YES;
				IPHONEOS_DEPLOYMENT_TARGET = 11.2;
				MTL_ENABLE_DEBUG_INFO = NO;
				SDKROOT = iphoneos;
				SWIFT_OPTIMIZATION_LEVEL = "-Owholemodule";
				VALIDATE_PRODUCT = YES;
			};
			name = Release;
		};
		74CD6CD62071F6EA00DD9035 /* Debug */ = {
			isa = XCBuildConfiguration;
			buildSettings = {
				ASSETCATALOG_COMPILER_APPICON_NAME = AppIcon;
				CODE_SIGN_STYLE = Automatic;
				INFOPLIST_FILE = AlienImageView/Info.plist;
				LD_RUNPATH_SEARCH_PATHS = "$(inherited) @executable_path/Frameworks";
				PRODUCT_BUNDLE_IDENTIFIER = dit.AlienImageView;
				PRODUCT_NAME = "$(TARGET_NAME)";
				SWIFT_VERSION = 4.0;
				TARGETED_DEVICE_FAMILY = "1,2";
			};
			name = Debug;
		};
		74CD6CD72071F6EA00DD9035 /* Release */ = {
			isa = XCBuildConfiguration;
			buildSettings = {
				ASSETCATALOG_COMPILER_APPICON_NAME = AppIcon;
				CODE_SIGN_STYLE = Automatic;
				INFOPLIST_FILE = AlienImageView/Info.plist;
				LD_RUNPATH_SEARCH_PATHS = "$(inherited) @executable_path/Frameworks";
				PRODUCT_BUNDLE_IDENTIFIER = dit.AlienImageView;
				PRODUCT_NAME = "$(TARGET_NAME)";
				SWIFT_VERSION = 4.0;
				TARGETED_DEVICE_FAMILY = "1,2";
			};
			name = Release;
		};
/* End XCBuildConfiguration section */

/* Begin XCConfigurationList section */
		74CD6CBE2071F6EA00DD9035 /* Build configuration list for PBXProject "AlienImageView" */ = {
			isa = XCConfigurationList;
			buildConfigurations = (
				74CD6CD32071F6EA00DD9035 /* Debug */,
				74CD6CD42071F6EA00DD9035 /* Release */,
			);
			defaultConfigurationIsVisible = 0;
			defaultConfigurationName = Release;
		};
		74CD6CD52071F6EA00DD9035 /* Build configuration list for PBXNativeTarget "AlienImageView" */ = {
			isa = XCConfigurationList;
			buildConfigurations = (
				74CD6CD62071F6EA00DD9035 /* Debug */,
				74CD6CD72071F6EA00DD9035 /* Release */,
			);
			defaultConfigurationIsVisible = 0;
			defaultConfigurationName = Release;
		};
/* End XCConfigurationList section */
	};
	rootObject = 74CD6CBB2071F6EA00DD9035 /* Project object */;
}
